# This file is autogenerated, do not edit; changes may be undone by the next 'dep ensure'.


[[projects]]
  branch = "master"
  name = "github.com/libgit2/git2go"
  packages = ["."]
  revision = "1381380f3450f91b66c7951ad0e40c31acb784a1"

[[projects]]
  name = "github.com/sirupsen/logrus"
  packages = ["."]
  revision = "ba1b36c82c5e05c4f912a88eab0dcd91a171688f"
  version = "v0.11.5"

[[projects]]
  name = "github.com/urfave/cli"
  packages = ["."]
  revision = "0bdeddeeb0f650497d603c4ad7b20cfe685682f6"
  version = "v1.19.1"

[[projects]]
  branch = "master"
  name = "golang.org/x/sys"
  packages = ["unix"]
  revision = "cbbc999da32df943dac6cd71eb3ee39e1d7838b9"

[solve-meta]
  analyzer-name = "dep"
  analyzer-version = 1
  inputs-digest = "65e62e888deb76bb7ec907a75a88a63d6657abb78b286ff1d2f84d8591de1cb4"
  solver-name = "gps-cdcl"
  solver-version = 1
